// !$*UTF8*$!
{
	archiveVersion = 1;
	classes = {
	};
	objectVersion = 46;
	objects = {

/* Begin PBXBuildFile section */
		1140C6BE1CCD32CD009B726A /* main.swift in Sources */ = {isa = PBXBuildFile; fileRef = 1140C6BD1CCD32CD009B726A /* main.swift */; };
		1140C6D11CCD3313009B726A /* TripService.swift in Sources */ = {isa = PBXBuildFile; fileRef = 1140C6D01CCD3313009B726A /* TripService.swift */; };
		1140C6D31CCD3355009B726A /* User.swift in Sources */ = {isa = PBXBuildFile; fileRef = 1140C6D21CCD3355009B726A /* User.swift */; };
		1140C6D51CCD3366009B726A /* Trip.swift in Sources */ = {isa = PBXBuildFile; fileRef = 1140C6D41CCD3366009B726A /* Trip.swift */; };
		1140C6D71CCD33C3009B726A /* UserSession.swift in Sources */ = {isa = PBXBuildFile; fileRef = 1140C6D61CCD33C3009B726A /* UserSession.swift */; };
		1140C6D91CCD3537009B726A /* TripDAO.swift in Sources */ = {isa = PBXBuildFile; fileRef = 1140C6D81CCD3537009B726A /* TripDAO.swift */; };
		1140C6DB1CCD35F9009B726A /* TripServiceError.swift in Sources */ = {isa = PBXBuildFile; fileRef = 1140C6DA1CCD35F9009B726A /* TripServiceError.swift */; };
/* End PBXBuildFile section */

/* Begin PBXCopyFilesBuildPhase section */
		1140C6B81CCD32CD009B726A /* CopyFiles */ = {
			isa = PBXCopyFilesBuildPhase;
			buildActionMask = 2147483647;
			dstPath = /usr/share/man/man1/;
			dstSubfolderSpec = 0;
			files = (
			);
			runOnlyForDeploymentPostprocessing = 1;
		};
/* End PBXCopyFilesBuildPhase section */

/* Begin PBXFileReference section */
		1140C6BA1CCD32CD009B726A /* TripService-Kata */ = {isa = PBXFileReference; explicitFileType = "compiled.mach-o.executable"; includeInIndex = 0; path = "TripService-Kata"; sourceTree = BUILT_PRODUCTS_DIR; };
		1140C6BD1CCD32CD009B726A /* main.swift */ = {isa = PBXFileReference; lastKnownFileType = sourcecode.swift; path = main.swift; sourceTree = "<group>"; };
		1140C6C81CCD32EC009B726A /* TripService-Tests.xctest */ = {isa = PBXFileReference; explicitFileType = wrapper.cfbundle; includeInIndex = 0; path = "TripService-Tests.xctest"; sourceTree = BUILT_PRODUCTS_DIR; };
		1140C6CC1CCD32EC009B726A /* Info.plist */ = {isa = PBXFileReference; lastKnownFileType = text.plist.xml; path = Info.plist; sourceTree = "<group>"; };
		1140C6D01CCD3313009B726A /* TripService.swift */ = {isa = PBXFileReference; fileEncoding = 4; lastKnownFileType = sourcecode.swift; path = TripService.swift; sourceTree = "<group>"; };
		1140C6D21CCD3355009B726A /* User.swift */ = {isa = PBXFileReference; fileEncoding = 4; lastKnownFileType = sourcecode.swift; path = User.swift; sourceTree = "<group>"; };
		1140C6D41CCD3366009B726A /* Trip.swift */ = {isa = PBXFileReference; fileEncoding = 4; lastKnownFileType = sourcecode.swift; path = Trip.swift; sourceTree = "<group>"; };
		1140C6D61CCD33C3009B726A /* UserSession.swift */ = {isa = PBXFileReference; fileEncoding = 4; lastKnownFileType = sourcecode.swift; path = UserSession.swift; sourceTree = "<group>"; };
		1140C6D81CCD3537009B726A /* TripDAO.swift */ = {isa = PBXFileReference; fileEncoding = 4; lastKnownFileType = sourcecode.swift; path = TripDAO.swift; sourceTree = "<group>"; };
		1140C6DA1CCD35F9009B726A /* TripServiceError.swift */ = {isa = PBXFileReference; fileEncoding = 4; lastKnownFileType = sourcecode.swift; path = TripServiceError.swift; sourceTree = "<group>"; };
/* End PBXFileReference section */

/* Begin PBXFrameworksBuildPhase section */
		1140C6B71CCD32CD009B726A /* Frameworks */ = {
			isa = PBXFrameworksBuildPhase;
			buildActionMask = 2147483647;
			files = (
			);
			runOnlyForDeploymentPostprocessing = 0;
		};
		1140C6C51CCD32EC009B726A /* Frameworks */ = {
			isa = PBXFrameworksBuildPhase;
			buildActionMask = 2147483647;
			files = (
			);
			runOnlyForDeploymentPostprocessing = 0;
		};
/* End PBXFrameworksBuildPhase section */

/* Begin PBXGroup section */
		1140C6B11CCD32CD009B726A = {
			isa = PBXGroup;
			children = (
				1140C6BC1CCD32CD009B726A /* TripService-Kata */,
				1140C6C91CCD32EC009B726A /* TripService-Tests */,
				1140C6BB1CCD32CD009B726A /* Products */,
			);
			sourceTree = "<group>";
		};
		1140C6BB1CCD32CD009B726A /* Products */ = {
			isa = PBXGroup;
			children = (
				1140C6BA1CCD32CD009B726A /* TripService-Kata */,
				1140C6C81CCD32EC009B726A /* TripService-Tests.xctest */,
			);
			name = Products;
			sourceTree = "<group>";
		};
		1140C6BC1CCD32CD009B726A /* TripService-Kata */ = {
			isa = PBXGroup;
			children = (
				1140C6BD1CCD32CD009B726A /* main.swift */,
				1140C6D41CCD3366009B726A /* Trip.swift */,
				1140C6D81CCD3537009B726A /* TripDAO.swift */,
				1140C6D01CCD3313009B726A /* TripService.swift */,
				1140C6DA1CCD35F9009B726A /* TripServiceError.swift */,
				1140C6D21CCD3355009B726A /* User.swift */,
				1140C6D61CCD33C3009B726A /* UserSession.swift */,
			);
			path = "TripService-Kata";
			sourceTree = "<group>";
		};
		1140C6C91CCD32EC009B726A /* TripService-Tests */ = {
			isa = PBXGroup;
			children = (
				1140C6CC1CCD32EC009B726A /* Info.plist */,
			);
			path = "TripService-Tests";
			sourceTree = "<group>";
		};
/* End PBXGroup section */

/* Begin PBXNativeTarget section */
		1140C6B91CCD32CD009B726A /* TripService-Kata */ = {
			isa = PBXNativeTarget;
			buildConfigurationList = 1140C6C11CCD32CD009B726A /* Build configuration list for PBXNativeTarget "TripService-Kata" */;
			buildPhases = (
				1140C6B61CCD32CD009B726A /* Sources */,
				1140C6B71CCD32CD009B726A /* Frameworks */,
				1140C6B81CCD32CD009B726A /* CopyFiles */,
			);
			buildRules = (
			);
			dependencies = (
			);
			name = "TripService-Kata";
			productName = "TripService-Kata";
			productReference = 1140C6BA1CCD32CD009B726A /* TripService-Kata */;
			productType = "com.apple.product-type.tool";
		};
		1140C6C71CCD32EC009B726A /* TripService-Tests */ = {
			isa = PBXNativeTarget;
			buildConfigurationList = 1140C6CD1CCD32EC009B726A /* Build configuration list for PBXNativeTarget "TripService-Tests" */;
			buildPhases = (
				1140C6C41CCD32EC009B726A /* Sources */,
				1140C6C51CCD32EC009B726A /* Frameworks */,
				1140C6C61CCD32EC009B726A /* Resources */,
			);
			buildRules = (
			);
			dependencies = (
			);
			name = "TripService-Tests";
			productName = "TripService-Tests";
			productReference = 1140C6C81CCD32EC009B726A /* TripService-Tests.xctest */;
			productType = "com.apple.product-type.bundle.unit-test";
		};
/* End PBXNativeTarget section */

/* Begin PBXProject section */
		1140C6B21CCD32CD009B726A /* Project object */ = {
			isa = PBXProject;
			attributes = {
				LastSwiftUpdateCheck = 0730;
				LastUpgradeCheck = 0730;
				ORGANIZATIONNAME = "Tomás Ruiz López";
				TargetAttributes = {
					1140C6B91CCD32CD009B726A = {
						CreatedOnToolsVersion = 7.3;
					};
					1140C6C71CCD32EC009B726A = {
						CreatedOnToolsVersion = 7.3;
					};
				};
			};
			buildConfigurationList = 1140C6B51CCD32CD009B726A /* Build configuration list for PBXProject "TripService-Kata" */;
			compatibilityVersion = "Xcode 3.2";
			developmentRegion = English;
			hasScannedForEncodings = 0;
			knownRegions = (
				en,
			);
			mainGroup = 1140C6B11CCD32CD009B726A;
			productRefGroup = 1140C6BB1CCD32CD009B726A /* Products */;
			projectDirPath = "";
			projectRoot = "";
			targets = (
				1140C6B91CCD32CD009B726A /* TripService-Kata */,
				1140C6C71CCD32EC009B726A /* TripService-Tests */,
			);
		};
/* End PBXProject section */

/* Begin PBXResourcesBuildPhase section */
		1140C6C61CCD32EC009B726A /* Resources */ = {
			isa = PBXResourcesBuildPhase;
			buildActionMask = 2147483647;
			files = (
			);
			runOnlyForDeploymentPostprocessing = 0;
		};
/* End PBXResourcesBuildPhase section */

/* Begin PBXSourcesBuildPhase section */
		1140C6B61CCD32CD009B726A /* Sources */ = {
			isa = PBXSourcesBuildPhase;
			buildActionMask = 2147483647;
			files = (
				1140C6D51CCD3366009B726A /* Trip.swift in Sources */,
				1140C6DB1CCD35F9009B726A /* TripServiceError.swift in Sources */,
				1140C6D71CCD33C3009B726A /* UserSession.swift in Sources */,
				1140C6D11CCD3313009B726A /* TripService.swift in Sources */,
				1140C6D91CCD3537009B726A /* TripDAO.swift in Sources */,
				1140C6BE1CCD32CD009B726A /* main.swift in Sources */,
				1140C6D31CCD3355009B726A /* User.swift in Sources */,
			);
			runOnlyForDeploymentPostprocessing = 0;
		};
		1140C6C41CCD32EC009B726A /* Sources */ = {
			isa = PBXSourcesBuildPhase;
			buildActionMask = 2147483647;
			files = (
			);
			runOnlyForDeploymentPostprocessing = 0;
		};
/* End PBXSourcesBuildPhase section */

/* Begin XCBuildConfiguration section */
		1140C6BF1CCD32CD009B726A /* Debug */ = {
			isa = XCBuildConfiguration;
			buildSettings = {
				ALWAYS_SEARCH_USER_PATHS = NO;
				CLANG_ANALYZER_NONNULL = YES;
				CLANG_CXX_LANGUAGE_STANDARD = "gnu++0x";
				CLANG_CXX_LIBRARY = "libc++";
				CLANG_ENABLE_MODULES = YES;
				CLANG_ENABLE_OBJC_ARC = YES;
				CLANG_WARN_BOOL_CONVERSION = YES;
				CLANG_WARN_CONSTANT_CONVERSION = YES;
				CLANG_WARN_DIRECT_OBJC_ISA_USAGE = YES_ERROR;
				CLANG_WARN_EMPTY_BODY = YES;
				CLANG_WARN_ENUM_CONVERSION = YES;
				CLANG_WARN_INT_CONVERSION = YES;
				CLANG_WARN_OBJC_ROOT_CLASS = YES_ERROR;
				CLANG_WARN_UNREACHABLE_CODE = YES;
				CLANG_WARN__DUPLICATE_METHOD_MATCH = YES;
				CODE_SIGN_IDENTITY = "-";
				COPY_PHASE_STRIP = NO;
				DEBUG_INFORMATION_FORMAT = dwarf;
				ENABLE_STRICT_OBJC_MSGSEND = YES;
				ENABLE_TESTABILITY = YES;
				GCC_C_LANGUAGE_STANDARD = gnu99;
				GCC_DYNAMIC_NO_PIC = NO;
				GCC_NO_COMMON_BLOCKS = YES;
				GCC_OPTIMIZATION_LEVEL = 0;
				GCC_PREPROCESSOR_DEFINITIONS = (
					"DEBUG=1",
					"$(inherited)",
				);
				GCC_WARN_64_TO_32_BIT_CONVERSION = YES;
				GCC_WARN_ABOUT_RETURN_TYPE = YES_ERROR;
				GCC_WARN_UNDECLARED_SELECTOR = YES;
				GCC_WARN_UNINITIALIZED_AUTOS = YES_AGGRESSIVE;
				GCC_WARN_UNUSED_FUNCTION = YES;
				GCC_WARN_UNUSED_VARIABLE = YES;
				MACOSX_DEPLOYMENT_TARGET = 10.11;
				MTL_ENABLE_DEBUG_INFO = YES;
				ONLY_ACTIVE_ARCH = YES;
				SDKROOT = macosx;
				SWIFT_OPTIMIZATION_LEVEL = "-Onone";
			};
			name = Debug;
		};
		1140C6C01CCD32CD009B726A /* Release */ = {
			isa = XCBuildConfiguration;
			buildSettings = {
				ALWAYS_SEARCH_USER_PATHS = NO;
				CLANG_ANALYZER_NONNULL = YES;
				CLANG_CXX_LANGUAGE_STANDARD = "gnu++0x";
				CLANG_CXX_LIBRARY = "libc++";
				CLANG_ENABLE_MODULES = YES;
				CLANG_ENABLE_OBJC_ARC = YES;
				CLANG_WARN_BOOL_CONVERSION = YES;
				CLANG_WARN_CONSTANT_CONVERSION = YES;
				CLANG_WARN_DIRECT_OBJC_ISA_USAGE = YES_ERROR;
				CLANG_WARN_EMPTY_BODY = YES;
				CLANG_WARN_ENUM_CONVERSION = YES;
				CLANG_WARN_INT_CONVERSION = YES;
				CLANG_WARN_OBJC_ROOT_CLASS = YES_ERROR;
				CLANG_WARN_UNREACHABLE_CODE = YES;
				CLANG_WARN__DUPLICATE_METHOD_MATCH = YES;
				CODE_SIGN_IDENTITY = "-";
				COPY_PHASE_STRIP = NO;
				DEBUG_INFORMATION_FORMAT = "dwarf-with-dsym";
				ENABLE_NS_ASSERTIONS = NO;
				ENABLE_STRICT_OBJC_MSGSEND = YES;
				GCC_C_LANGUAGE_STANDARD = gnu99;
				GCC_NO_COMMON_BLOCKS = YES;
				GCC_WARN_64_TO_32_BIT_CONVERSION = YES;
				GCC_WARN_ABOUT_RETURN_TYPE = YES_ERROR;
				GCC_WARN_UNDECLARED_SELECTOR = YES;
				GCC_WARN_UNINITIALIZED_AUTOS = YES_AGGRESSIVE;
				GCC_WARN_UNUSED_FUNCTION = YES;
				GCC_WARN_UNUSED_VARIABLE = YES;
				MACOSX_DEPLOYMENT_TARGET = 10.11;
				MTL_ENABLE_DEBUG_INFO = NO;
				SDKROOT = macosx;
			};
			name = Release;
		};
		1140C6C21CCD32CD009B726A /* Debug */ = {
			isa = XCBuildConfiguration;
			buildSettings = {
				PRODUCT_NAME = "$(TARGET_NAME)";
			};
			name = Debug;
		};
		1140C6C31CCD32CD009B726A /* Release */ = {
			isa = XCBuildConfiguration;
			buildSettings = {
				PRODUCT_NAME = "$(TARGET_NAME)";
			};
			name = Release;
		};
		1140C6CE1CCD32EC009B726A /* Debug */ = {
			isa = XCBuildConfiguration;
			buildSettings = {
				COMBINE_HIDPI_IMAGES = YES;
				INFOPLIST_FILE = "TripService-Tests/Info.plist";
				LD_RUNPATH_SEARCH_PATHS = "$(inherited) @executable_path/../Frameworks @loader_path/../Frameworks";
				PRODUCT_BUNDLE_IDENTIFIER = "com.truizlop.TripService-Tests";
				PRODUCT_NAME = "$(TARGET_NAME)";
			};
			name = Debug;
		};
		1140C6CF1CCD32EC009B726A /* Release */ = {
			isa = XCBuildConfiguration;
			buildSettings = {
				COMBINE_HIDPI_IMAGES = YES;
				INFOPLIST_FILE = "TripService-Tests/Info.plist";
				LD_RUNPATH_SEARCH_PATHS = "$(inherited) @executable_path/../Frameworks @loader_path/../Frameworks";
				PRODUCT_BUNDLE_IDENTIFIER = "com.truizlop.TripService-Tests";
				PRODUCT_NAME = "$(TARGET_NAME)";
			};
			name = Release;
		};
/* End XCBuildConfiguration section */

/* Begin XCConfigurationList section */
		1140C6B51CCD32CD009B726A /* Build configuration list for PBXProject "TripService-Kata" */ = {
			isa = XCConfigurationList;
			buildConfigurations = (
				1140C6BF1CCD32CD009B726A /* Debug */,
				1140C6C01CCD32CD009B726A /* Release */,
			);
			defaultConfigurationIsVisible = 0;
			defaultConfigurationName = Release;
		};
		1140C6C11CCD32CD009B726A /* Build configuration list for PBXNativeTarget "TripService-Kata" */ = {
			isa = XCConfigurationList;
			buildConfigurations = (
				1140C6C21CCD32CD009B726A /* Debug */,
				1140C6C31CCD32CD009B726A /* Release */,
			);
			defaultConfigurationIsVisible = 0;
		};
		1140C6CD1CCD32EC009B726A /* Build configuration list for PBXNativeTarget "TripService-Tests" */ = {
			isa = XCConfigurationList;
			buildConfigurations = (
				1140C6CE1CCD32EC009B726A /* Debug */,
				1140C6CF1CCD32EC009B726A /* Release */,
			);
			defaultConfigurationIsVisible = 0;
		};
/* End XCConfigurationList section */
	};
	rootObject = 1140C6B21CCD32CD009B726A /* Project object */;
}
